# THIS IS AN AUTOGENERATED FILE. DO NOT EDIT THIS FILE DIRECTLY.
# yarn lockfile v1


"@types/node@*":
  version "11.9.3"
  resolved "http://registry.npm.taobao.org/@types/node/download/@types/node-11.9.3.tgz#14adbb5ab8cd563f549fbae8dbe92e0b7d6e76cc"
  integrity sha1-FK27WrjNVj9Un7ro2+kuC31udsw=

accepts@^1.3.5:
  version "1.3.5"
  resolved "http://registry.npm.taobao.org/accepts/download/accepts-1.3.5.tgz#eb777df6011723a3b14e8a72c0805c8e86746bd2"
  integrity sha1-63d99gEXI6OxTopywIBcjoZ0a9I=
  dependencies:
    mime-types "~2.1.18"
    negotiator "0.6.1"

any-promise@^1.1.0:
  version "1.3.0"
  resolved "http://registry.npm.taobao.org/any-promise/download/any-promise-1.3.0.tgz#abc6afeedcea52e809cdc0376aed3ce39635d17f"
  integrity sha1-q8av7tzqUugJzcA3au0845Y10X8=

async@2.6.1:
  version "2.6.1"
  resolved "http://registry.npm.taobao.org/async/download/async-2.6.1.tgz#b245a23ca71930044ec53fa46aa00a3e87c6a610"
  integrity sha1-skWiPKcZMAROxT+kaqAKPofGphA=
  dependencies:
    lodash "^4.17.10"

asynckit@^0.4.0:
  version "0.4.0"
  resolved "http://registry.npm.taobao.org/asynckit/download/asynckit-0.4.0.tgz#c79ed97f7f34cb8f2ba1bc9790bcc366474b4b79"
  integrity sha1-x57Zf380y48robyXkLzDZkdLS3k=

bluebird@3.5.1:
  version "3.5.1"
  resolved "http://registry.npm.taobao.org/bluebird/download/bluebird-3.5.1.tgz#d9551f9de98f1fcda1e683d17ee91a0602ee2eb9"
  integrity sha1-2VUfnemPH82h5oPRfukaBgLuLrk=

boolbase@~1.0.0:
  version "1.0.0"
  resolved "http://registry.npm.taobao.org/boolbase/download/boolbase-1.0.0.tgz#68dff5fbe60c51eb37725ea9e3ed310dcc1e776e"
  integrity sha1-aN/1++YMUes3cl6p4+0xDcwed24=

bson@^1.1.0, bson@~1.1.0:
  version "1.1.0"
  resolved "http://registry.npm.taobao.org/bson/download/bson-1.1.0.tgz#bee57d1fb6a87713471af4e32bcae36de814b5b0"
  integrity sha1-vuV9H7aodxNHGvTjK8rjbegUtbA=

bytes@3.0.0:
  version "3.0.0"
  resolved "http://registry.npm.taobao.org/bytes/download/bytes-3.0.0.tgz#d32815404d689699f85a4ea4fa8755dd13a96048"
  integrity sha1-0ygVQE1olpn4Wk6k+odV3ROpYEg=

cache-content-type@^1.0.0:
  version "1.0.1"
  resolved "http://registry.npm.taobao.org/cache-content-type/download/cache-content-type-1.0.1.tgz#035cde2b08ee2129f4a8315ea8f00a00dba1453c"
  integrity sha1-A1zeKwjuISn0qDFeqPAKANuhRTw=
  dependencies:
    mime-types "^2.1.18"
    ylru "^1.2.0"

cheerio@^1.0.0-rc.2:
  version "1.0.0-rc.2"
  resolved "http://registry.npm.taobao.org/cheerio/download/cheerio-1.0.0-rc.2.tgz#4b9f53a81b27e4d5dac31c0ffd0cfa03cc6830db"
  integrity sha1-S59TqBsn5NXawxwP/Qz6A8xoMNs=
  dependencies:
    css-select "~1.2.0"
    dom-serializer "~0.1.0"
    entities "~1.1.1"
    htmlparser2 "^3.9.1"
    lodash "^4.15.0"
    parse5 "^3.0.1"

co-body@^6.0.0:
  version "6.0.0"
  resolved "http://registry.npm.taobao.org/co-body/download/co-body-6.0.0.tgz#965b9337d7f5655480787471f4237664820827e3"
  integrity sha1-lluTN9f1ZVSAeHRx9CN2ZIIIJ+M=
  dependencies:
    inflation "^2.0.0"
    qs "^6.5.2"
    raw-body "^2.3.3"
    type-is "^1.6.16"

co@^4.6.0:
  version "4.6.0"
  resolved "http://registry.npm.taobao.org/co/download/co-4.6.0.tgz#6ea6bdf3d853ae54ccb8e47bfa0bf3f9031fb184"
  integrity sha1-bqa989hTrlTMuOR7+gvz+QMfsYQ=

combined-stream@^1.0.6:
  version "1.0.7"
  resolved "http://registry.npm.taobao.org/combined-stream/download/combined-stream-1.0.7.tgz#2d1d24317afb8abe95d6d2c0b07b57813539d828"
  integrity sha1-LR0kMXr7ir6V1tLAsHtXgTU52Cg=
  dependencies:
    delayed-stream "~1.0.0"

component-emitter@^1.2.0:
  version "1.2.1"
  resolved "http://registry.npm.taobao.org/component-emitter/download/component-emitter-1.2.1.tgz#137918d6d78283f7df7a6b7c5a63e140e69425e6"
  integrity sha1-E3kY1teCg/ffemt8WmPhQOaUJeY=

content-disposition@~0.5.2:
  version "0.5.3"
  resolved "http://registry.npm.taobao.org/content-disposition/download/content-disposition-0.5.3.tgz#e130caf7e7279087c5616c2007d0485698984fbd"
  integrity sha1-4TDK9+cnkIfFYWwgB9BIVpiYT70=
  dependencies:
    safe-buffer "5.1.2"

content-type@^1.0.4:
  version "1.0.4"
  resolved "http://registry.npm.taobao.org/content-type/download/content-type-1.0.4.tgz#e138cc75e040c727b1966fe5e5f8c9aee256fe3b"
  integrity sha1-4TjMdeBAxyexlm/l5fjJruJW/js=

cookiejar@^2.1.2:
  version "2.1.2"
  resolved "http://registry.npm.taobao.org/cookiejar/download/cookiejar-2.1.2.tgz#dd8a235530752f988f9a0844f3fc589e3111125c"
  integrity sha1-3YojVTB1L5iPmghE8/xYnjERElw=

cookies@~0.7.1:
  version "0.7.3"
  resolved "http://registry.npm.taobao.org/cookies/download/cookies-0.7.3.tgz#7912ce21fbf2e8c2da70cf1c3f351aecf59dadfa"
  integrity sha1-eRLOIfvy6MLacM8cPzUa7PWdrfo=
  dependencies:
    depd "~1.1.2"
    keygrip "~1.0.3"

copy-to@^2.0.1:
  version "2.0.1"
  resolved "http://registry.npm.taobao.org/copy-to/download/copy-to-2.0.1.tgz#2680fbb8068a48d08656b6098092bdafc906f4a5"
  integrity sha1-JoD7uAaKSNCGVrYJgJK9r8kG9KU=

css-select@~1.2.0:
  version "1.2.0"
  resolved "http://registry.npm.taobao.org/css-select/download/css-select-1.2.0.tgz#2b3a110539c5355f1cd8d314623e870b121ec858"
  integrity sha1-KzoRBTnFNV8c2NMUYj6HCxIeyFg=
  dependencies:
    boolbase "~1.0.0"
    css-what "2.1"
    domutils "1.5.1"
    nth-check "~1.0.1"

css-what@2.1:
  version "2.1.2"
  resolved "http://registry.npm.taobao.org/css-what/download/css-what-2.1.2.tgz#c0876d9d0480927d7d4920dcd72af3595649554d"
  integrity sha1-wIdtnQSAkn19SSDc1yrzWVZJVU0=

debug@3.1.0, debug@~3.1.0:
  version "3.1.0"
  resolved "http://registry.npm.taobao.org/debug/download/debug-3.1.0.tgz#5bb5a0672628b64149566ba16819e61518c67261"
  integrity sha1-W7WgZyYotkFJVmuhaBnmFRjGcmE=
  dependencies:
    ms "2.0.0"

debug@^3.1.0:
  version "3.2.6"
  resolved "http://registry.npm.taobao.org/debug/download/debug-3.2.6.tgz#e83d17de16d8a7efb7717edbe5fb10135eee629b"
  integrity sha1-6D0X3hbYp++3cX7b5fsQE17uYps=
  dependencies:
    ms "^2.1.1"

debug@^4.1.0:
  version "4.1.1"
  resolved "http://registry.npm.taobao.org/debug/download/debug-4.1.1.tgz#3b72260255109c6b589cee050f1d516139664791"
  integrity sha1-O3ImAlUQnGtYnO4FDx1RYTlmR5E=
  dependencies:
    ms "^2.1.1"

deep-equal@~1.0.1:
  version "1.0.1"
  resolved "http://registry.npm.taobao.org/deep-equal/download/deep-equal-1.0.1.tgz#f5d260292b660e084eff4cdbc9f08ad3247448b5"
  integrity sha1-9dJgKStmDghO/0zbyfCK0yR0SLU=

delayed-stream@~1.0.0:
  version "1.0.0"
  resolved "http://registry.npm.taobao.org/delayed-stream/download/delayed-stream-1.0.0.tgz#df3ae199acadfb7d440aaae0b29e2272b24ec619"
  integrity sha1-3zrhmayt+31ECqrgsp4icrJOxhk=

delegates@^1.0.0:
  version "1.0.0"
  resolved "http://registry.npm.taobao.org/delegates/download/delegates-1.0.0.tgz#84c6e159b81904fdca59a0ef44cd870d31250f9a"
  integrity sha1-hMbhWbgZBP3KWaDvRM2HDTElD5o=

depd@^1.1.2, depd@~1.1.2:
  version "1.1.2"
  resolved "http://registry.npm.taobao.org/depd/download/depd-1.1.2.tgz#9bcd52e14c097763e749b274c4346ed2e560b5a9"
  integrity sha1-m81S4UwJd2PnSbJ0xDRu0uVgtak=

destroy@^1.0.4:
  version "1.0.4"
  resolved "http://registry.npm.taobao.org/destroy/download/destroy-1.0.4.tgz#978857442c44749e4206613e37946205826abd80"
  integrity sha1-l4hXRCxEdJ5CBmE+N5RiBYJqvYA=

dom-serializer@0, dom-serializer@~0.1.0:
  version "0.1.0"
  resolved "http://registry.npm.taobao.org/dom-serializer/download/dom-serializer-0.1.0.tgz#073c697546ce0780ce23be4a28e293e40bc30c82"
  integrity sha1-BzxpdUbOB4DOI75KKOKT5AvDDII=
  dependencies:
    domelementtype "~1.1.1"
    entities "~1.1.1"

domelementtype@1, domelementtype@^1.3.0:
  version "1.3.1"
  resolved "http://registry.npm.taobao.org/domelementtype/download/domelementtype-1.3.1.tgz#d048c44b37b0d10a7f2a3d5fee3f4333d790481f"
  integrity sha1-0EjESzew0Qp/Kj1f7j9DM9eQSB8=

domelementtype@~1.1.1:
  version "1.1.3"
  resolved "http://registry.npm.taobao.org/domelementtype/download/domelementtype-1.1.3.tgz#bd28773e2642881aec51544924299c5cd822185b"
  integrity sha1-vSh3PiZCiBrsUVRJJCmcXNgiGFs=

domhandler@^2.3.0:
  version "2.4.2"
  resolved "http://registry.npm.taobao.org/domhandler/download/domhandler-2.4.2.tgz#8805097e933d65e85546f726d60f5eb88b44f803"
  integrity sha1-iAUJfpM9ZehVRvcm1g9euItE+AM=
  dependencies:
    domelementtype "1"

domutils@1.5.1:
  version "1.5.1"
  resolved "http://registry.npm.taobao.org/domutils/download/domutils-1.5.1.tgz#dcd8488a26f563d61079e48c9f7b7e32373682cf"
  integrity sha1-3NhIiib1Y9YQeeSMn3t+Mjc2gs8=
  dependencies:
    dom-serializer "0"
    domelementtype "1"

domutils@^1.5.1:
  version "1.7.0"
  resolved "http://registry.npm.taobao.org/domutils/download/domutils-1.7.0.tgz#56ea341e834e06e6748af7a1cb25da67ea9f8c2a"
  integrity sha1-Vuo0HoNOBuZ0ivehyyXaZ+qfjCo=
  dependencies:
    dom-serializer "0"
    domelementtype "1"

ee-first@1.1.1:
  version "1.1.1"
  resolved "http://registry.npm.taobao.org/ee-first/download/ee-first-1.1.1.tgz#590c61156b0ae2f4f0255732a158b266bc56b21d"
  integrity sha1-WQxhFWsK4vTwJVcyoViyZrxWsh0=

entities@^1.1.1, entities@~1.1.1:
  version "1.1.2"
  resolved "http://registry.npm.taobao.org/entities/download/entities-1.1.2.tgz#bdfa735299664dfafd34529ed4f8522a275fea56"
  integrity sha1-vfpzUplmTfr9NFKe1PhSKidf6lY=

error-inject@^1.0.0:
  version "1.0.0"
  resolved "http://registry.npm.taobao.org/error-inject/download/error-inject-1.0.0.tgz#e2b3d91b54aed672f309d950d154850fa11d4f37"
  integrity sha1-4rPZG1Su1nLzCdlQ0VSFD6EdTzc=

escape-html@^1.0.3:
  version "1.0.3"
  resolved "http://registry.npm.taobao.org/escape-html/download/escape-html-1.0.3.tgz#0258eae4d3d0c0974de1c169188ef0051d1d1988"
  integrity sha1-Aljq5NPQwJdN4cFpGI7wBR0dGYg=

form-data@^2.3.3:
  version "2.3.3"
  resolved "http://registry.npm.taobao.org/form-data/download/form-data-2.3.3.tgz#dcce52c05f644f298c6a7ab936bd724ceffbf3a6"
  integrity sha1-3M5SwF9kTymManq5Nr1yTO/786Y=
  dependencies:
    asynckit "^0.4.0"
    combined-stream "^1.0.6"
    mime-types "^2.1.12"

formidable@^1.2.0:
  version "1.2.1"
  resolved "http://registry.npm.taobao.org/formidable/download/formidable-1.2.1.tgz#70fb7ca0290ee6ff961090415f4b3df3d2082659"
  integrity sha1-cPt8oCkO5v+WEJBBX0s989IIJlk=

fresh@~0.5.2:
  version "0.5.2"
  resolved "http://registry.npm.taobao.org/fresh/download/fresh-0.5.2.tgz#3d8cadd90d976569fa835ab1f8e4b23a105605a7"
  integrity sha1-PYyt2Q2XZWn6g1qx+OSyOhBWBac=

htmlparser2@^3.9.1:
  version "3.10.0"
  resolved "http://registry.npm.taobao.org/htmlparser2/download/htmlparser2-3.10.0.tgz#5f5e422dcf6119c0d983ed36260ce9ded0bee464"
  integrity sha1-X15CLc9hGcDZg+02Jgzp3tC+5GQ=
  dependencies:
    domelementtype "^1.3.0"
    domhandler "^2.3.0"
    domutils "^1.5.1"
    entities "^1.1.1"
    inherits "^2.0.1"
    readable-stream "^3.0.6"

http-assert@^1.3.0:
  version "1.4.0"
  resolved "http://registry.npm.taobao.org/http-assert/download/http-assert-1.4.0.tgz#0e550b4fca6adf121bbeed83248c17e62f593a9a"
  integrity sha1-DlULT8pq3xIbvu2DJIwX5i9ZOpo=
  dependencies:
    deep-equal "~1.0.1"
    http-errors "~1.7.1"

http-errors@1.6.3:
  version "1.6.3"
  resolved "http://registry.npm.taobao.org/http-errors/download/http-errors-1.6.3.tgz#8b55680bb4be283a0b5bf4ea2e38580be1d9320d"
  integrity sha1-i1VoC7S+KDoLW/TqLjhYC+HZMg0=
  dependencies:
    depd "~1.1.2"
    inherits "2.0.3"
    setprototypeof "1.1.0"
    statuses ">= 1.4.0 < 2"

http-errors@^1.3.1, http-errors@^1.6.3, http-errors@~1.7.1:
  version "1.7.1"
  resolved "http://registry.npm.taobao.org/http-errors/download/http-errors-1.7.1.tgz#6a4ffe5d35188e1c39f872534690585852e1f027"
  integrity sha1-ak/+XTUYjhw5+HJTRpBYWFLh8Cc=
  dependencies:
    depd "~1.1.2"
    inherits "2.0.3"
    setprototypeof "1.1.0"
    statuses ">= 1.5.0 < 2"
    toidentifier "1.0.0"

iconv-lite@0.4.23:
  version "0.4.23"
  resolved "http://registry.npm.taobao.org/iconv-lite/download/iconv-lite-0.4.23.tgz#297871f63be507adcfbfca715d0cd0eed84e9a63"
  integrity sha1-KXhx9jvlB63Pv8pxXQzQ7thOmmM=
  dependencies:
    safer-buffer ">= 2.1.2 < 3"

inflation@^2.0.0:
  version "2.0.0"
  resolved "http://registry.npm.taobao.org/inflation/download/inflation-2.0.0.tgz#8b417e47c28f925a45133d914ca1fd389107f30f"
  integrity sha1-i0F+R8KPklpFEz2RTKH9OJEH8w8=

inherits@2.0.3, inherits@^2.0.1, inherits@^2.0.3:
  version "2.0.3"
  resolved "http://registry.npm.taobao.org/inherits/download/inherits-2.0.3.tgz#633c2c83e3da42a502f52466022480f4208261de"
  integrity sha1-Yzwsg+PaQqUC9SRmAiSA9CCCYd4=

is-generator-function@^1.0.7:
  version "1.0.7"
  resolved "http://registry.npm.taobao.org/is-generator-function/download/is-generator-function-1.0.7.tgz#d2132e529bb0000a7f80794d4bdf5cd5e5813522"
  integrity sha1-0hMuUpuwAAp/gHlNS99c1eWBNSI=

isarray@0.0.1:
  version "0.0.1"
  resolved "http://registry.npm.taobao.org/isarray/download/isarray-0.0.1.tgz#8a18acfca9a8f4177e09abfc6038939b05d1eedf"
  integrity sha1-ihis/Kmo9Bd+Cav8YDiTmwXR7t8=

kareem@2.3.0:
  version "2.3.0"
  resolved "http://registry.npm.taobao.org/kareem/download/kareem-2.3.0.tgz#ef33c42e9024dce511eeaf440cd684f3af1fc769"
  integrity sha1-7zPELpAk3OUR7q9EDNaE868fx2k=

keygrip@~1.0.3:
  version "1.0.3"
  resolved "http://registry.npm.taobao.org/keygrip/download/keygrip-1.0.3.tgz#399d709f0aed2bab0a059e0cdd3a5023a053e1dc"
  integrity sha1-OZ1wnwrtK6sKBZ4M3TpQI6BT4dw=

koa-bodyparser@^4.2.1:
  version "4.2.1"
  resolved "http://registry.npm.taobao.org/koa-bodyparser/download/koa-bodyparser-4.2.1.tgz#4d7dacb5e6db1106649b595d9e5ccb158b6f3b29"
  integrity sha1-TX2stebbEQZkm1ldnlzLFYtvOyk=
  dependencies:
    co-body "^6.0.0"
    copy-to "^2.0.1"

koa-compose@^3.0.0:
  version "3.2.1"
  resolved "http://registry.npm.taobao.org/koa-compose/download/koa-compose-3.2.1.tgz#a85ccb40b7d986d8e5a345b3a1ace8eabcf54de7"
  integrity sha1-qFzLQLfZhtjlo0Wzoazo6rz1Tec=
  dependencies:
    any-promise "^1.1.0"

koa-compose@^4.1.0:
  version "4.1.0"
  resolved "http://registry.npm.taobao.org/koa-compose/download/koa-compose-4.1.0.tgz#507306b9371901db41121c812e923d0d67d3e877"
  integrity sha1-UHMGuTcZAdtBEhyBLpI9DWfT6Hc=

koa-convert@^1.2.0:
  version "1.2.0"
  resolved "http://registry.npm.taobao.org/koa-convert/download/koa-convert-1.2.0.tgz#da40875df49de0539098d1700b50820cebcd21d0"
  integrity sha1-2kCHXfSd4FOQmNFwC1CCDOvNIdA=
  dependencies:
    co "^4.6.0"
    koa-compose "^3.0.0"

koa-is-json@^1.0.0:
  version "1.0.0"
  resolved "http://registry.npm.taobao.org/koa-is-json/download/koa-is-json-1.0.0.tgz#273c07edcdcb8df6a2c1ab7d59ee76491451ec14"
  integrity sha1-JzwH7c3Ljfaiwat9We52SRRR7BQ=

koa-router@^7.4.0:
  version "7.4.0"
  resolved "http://registry.npm.taobao.org/koa-router/download/koa-router-7.4.0.tgz#aee1f7adc02d5cb31d7d67465c9eacc825e8c5e0"
  integrity sha1-ruH3rcAtXLMdfWdGXJ6syCXoxeA=
  dependencies:
    debug "^3.1.0"
    http-errors "^1.3.1"
    koa-compose "^3.0.0"
    methods "^1.0.1"
    path-to-regexp "^1.1.1"
    urijs "^1.19.0"

koa@^2.6.1:
  version "2.7.0"
  resolved "http://registry.npm.taobao.org/koa/download/koa-2.7.0.tgz#7e00843506942b9d82c6cc33749f657c6e5e7adf"
  integrity sha1-fgCENQaUK52CxswzdJ9lfG5eet8=
  dependencies:
    accepts "^1.3.5"
    cache-content-type "^1.0.0"
    content-disposition "~0.5.2"
    content-type "^1.0.4"
    cookies "~0.7.1"
    debug "~3.1.0"
    delegates "^1.0.0"
    depd "^1.1.2"
    destroy "^1.0.4"
    error-inject "^1.0.0"
    escape-html "^1.0.3"
    fresh "~0.5.2"
    http-assert "^1.3.0"
    http-errors "^1.6.3"
    is-generator-function "^1.0.7"
    koa-compose "^4.1.0"
    koa-convert "^1.2.0"
    koa-is-json "^1.0.0"
    on-finished "^2.3.0"
    only "~0.0.2"
    parseurl "^1.3.2"
    statuses "^1.5.0"
    type-is "^1.6.16"
    vary "^1.1.2"

lodash@^4.15.0, lodash@^4.17.10:
  version "4.17.11"
  resolved "http://registry.npm.taobao.org/lodash/download/lodash-4.17.11.tgz#b39ea6229ef607ecd89e2c8df12536891cac9b8d"
  integrity sha1-s56mIp72B+zYniyN8SU2iRysm40=

media-typer@0.3.0:
  version "0.3.0"
  resolved "http://registry.npm.taobao.org/media-typer/download/media-typer-0.3.0.tgz#8710d7af0aa626f8fffa1ce00168545263255748"
  integrity sha1-hxDXrwqmJvj/+hzgAWhUUmMlV0g=

memory-pager@^1.0.2:
  version "1.5.0"
  resolved "http://registry.npm.taobao.org/memory-pager/download/memory-pager-1.5.0.tgz#d8751655d22d384682741c972f2c3d6dfa3e66b5"
  integrity sha1-2HUWVdItOEaCdByXLyw9bfo+ZrU=

methods@^1.0.1, methods@^1.1.1:
  version "1.1.2"
  resolved "http://registry.npm.taobao.org/methods/download/methods-1.1.2.tgz#5529a4d67654134edcc5266656835b0f851afcee"
  integrity sha1-VSmk1nZUE07cxSZmVoNbD4Ua/O4=

mime-db@~1.37.0:
  version "1.37.0"
  resolved "http://registry.npm.taobao.org/mime-db/download/mime-db-1.37.0.tgz#0b6a0ce6fdbe9576e25f1f2d2fde8830dc0ad0d8"
  integrity sha1-C2oM5v2+lXbiXx8tL96IMNwK0Ng=

mime-types@^2.1.12, mime-types@^2.1.18, mime-types@~2.1.18:
  version "2.1.21"
  resolved "http://registry.npm.taobao.org/mime-types/download/mime-types-2.1.21.tgz#28995aa1ecb770742fe6ae7e58f9181c744b3f96"
  integrity sha1-KJlaoey3cHQv5q5+WPkYHHRLP5Y=
  dependencies:
    mime-db "~1.37.0"

mime@^2.4.0:
  version "2.4.0"
  resolved "http://registry.npm.taobao.org/mime/download/mime-2.4.0.tgz#e051fd881358585f3279df333fe694da0bcffdd6"
  integrity sha1-4FH9iBNYWF8yed8zP+aU2gvP/dY=

mongodb-core@3.1.11:
  version "3.1.11"
  resolved "http://registry.npm.taobao.org/mongodb-core/download/mongodb-core-3.1.11.tgz#b253038dbb4d7329f3d1c2ee5400bb0c9221fde5"
  integrity sha1-slMDjbtNcynz0cLuVAC7DJIh/eU=
  dependencies:
    bson "^1.1.0"
    require_optional "^1.0.1"
    safe-buffer "^5.1.2"
  optionalDependencies:
    saslprep "^1.0.0"

mongodb@3.1.13:
  version "3.1.13"
  resolved "http://registry.npm.taobao.org/mongodb/download/mongodb-3.1.13.tgz#f8cdcbb36ad7a08b570bd1271c8525753f75f9f4"
  integrity sha1-+M3Ls2rXoItXC9EnHIUldT91+fQ=
  dependencies:
    mongodb-core "3.1.11"
    safe-buffer "^5.1.2"

mongoose-legacy-pluralize@1.0.2:
  version "1.0.2"
  resolved "http://registry.npm.taobao.org/mongoose-legacy-pluralize/download/mongoose-legacy-pluralize-1.0.2.tgz#3ba9f91fa507b5186d399fb40854bff18fb563e4"
  integrity sha1-O6n5H6UHtRhtOZ+0CFS/8Y+1Y+Q=

mongoose@^5.3.9:
  version "5.4.12"
  resolved "http://registry.npm.taobao.org/mongoose/download/mongoose-5.4.12.tgz#3c4b0d05af78a614fcdcc5abcd99c7102564ffec"
  integrity sha1-PEsNBa94phT83MWrzZnHECVk/+w=
  dependencies:
    async "2.6.1"
    bson "~1.1.0"
    kareem "2.3.0"
    mongodb "3.1.13"
    mongodb-core "3.1.11"
    mongoose-legacy-pluralize "1.0.2"
    mpath "0.5.1"
    mquery "3.2.0"
    ms "2.1.1"
    regexp-clone "0.0.1"
    safe-buffer "5.1.2"
    sliced "1.0.1"

mpath@0.5.1:
  version "0.5.1"
  resolved "http://registry.npm.taobao.org/mpath/download/mpath-0.5.1.tgz#17131501f1ff9e6e4fbc8ffa875aa7065b5775ab"
  integrity sha1-FxMVAfH/nm5PvI/6h1qnBltXdas=

mquery@3.2.0:
  version "3.2.0"
  resolved "http://registry.npm.taobao.org/mquery/download/mquery-3.2.0.tgz#e276472abd5109686a15eb2a8e0761db813c81cc"
  integrity sha1-4nZHKr1RCWhqFesqjgdh24E8gcw=
  dependencies:
    bluebird "3.5.1"
    debug "3.1.0"
    regexp-clone "0.0.1"
    safe-buffer "5.1.2"
    sliced "1.0.1"

ms@2.0.0:
  version "2.0.0"
  resolved "http://registry.npm.taobao.org/ms/download/ms-2.0.0.tgz#5608aeadfc00be6c2901df5f9861788de0d597c8"
  integrity sha1-VgiurfwAvmwpAd9fmGF4jeDVl8g=

ms@2.1.1, ms@^2.1.1:
  version "2.1.1"
  resolved "http://registry.npm.taobao.org/ms/download/ms-2.1.1.tgz#30a5864eb3ebb0a66f2ebe6d727af06a09d86e0a"
  integrity sha1-MKWGTrPrsKZvLr5tcnrwagnYbgo=

negotiator@0.6.1:
  version "0.6.1"
  resolved "http://registry.npm.taobao.org/negotiator/download/negotiator-0.6.1.tgz#2b327184e8992101177b28563fb5e7102acd0ca9"
  integrity sha1-KzJxhOiZIQEXeyhWP7XnECrNDKk=

nth-check@~1.0.1:
  version "1.0.2"
  resolved "http://registry.npm.taobao.org/nth-check/download/nth-check-1.0.2.tgz#b2bd295c37e3dd58a3bf0700376663ba4d9cf05c"
  integrity sha1-sr0pXDfj3VijvwcAN2Zjuk2c8Fw=
  dependencies:
    boolbase "~1.0.0"

on-finished@^2.3.0:
  version "2.3.0"
  resolved "http://registry.npm.taobao.org/on-finished/download/on-finished-2.3.0.tgz#20f1336481b083cd75337992a16971aa2d906947"
  integrity sha1-IPEzZIGwg811M3mSoWlxqi2QaUc=
  dependencies:
    ee-first "1.1.1"

only@~0.0.2:
  version "0.0.2"
  resolved "http://registry.npm.taobao.org/only/download/only-0.0.2.tgz#2afde84d03e50b9a8edc444e30610a70295edfb4"
  integrity sha1-Kv3oTQPlC5qO3EROMGEKcCle37Q=

parse5@^3.0.1:
  version "3.0.3"
  resolved "http://registry.npm.taobao.org/parse5/download/parse5-3.0.3.tgz#042f792ffdd36851551cf4e9e066b3874ab45b5c"
  integrity sha1-BC95L/3TaFFVHPTp4Gazh0q0W1w=
  dependencies:
    "@types/node" "*"

parseurl@^1.3.2:
  version "1.3.2"
  resolved "http://registry.npm.taobao.org/parseurl/download/parseurl-1.3.2.tgz#fc289d4ed8993119460c156253262cdc8de65bf3"
  integrity sha1-/CidTtiZMRlGDBViUyYs3I3mW/M=

path-to-regexp@^1.1.1:
  version "1.7.0"
  resolved "http://registry.npm.taobao.org/path-to-regexp/download/path-to-regexp-1.7.0.tgz#59fde0f435badacba103a84e9d3bc64e96b9937d"
  integrity sha1-Wf3g9DW62suhA6hOnTvGTpa5k30=
  dependencies:
    isarray "0.0.1"

qs@^6.5.2, qs@^6.6.0:
  version "6.6.0"
  resolved "http://registry.npm.taobao.org/qs/download/qs-6.6.0.tgz#a99c0f69a8d26bf7ef012f871cdabb0aee4424c2"
  integrity sha1-qZwPaajSa/fvAS+HHNq7Cu5EJMI=

raw-body@^2.3.3:
  version "2.3.3"
  resolved "http://registry.npm.taobao.org/raw-body/download/raw-body-2.3.3.tgz#1b324ece6b5706e153855bc1148c65bb7f6ea0c3"
  integrity sha1-GzJOzmtXBuFThVvBFIxlu39uoMM=
  dependencies:
    bytes "3.0.0"
    http-errors "1.6.3"
    iconv-lite "0.4.23"
    unpipe "1.0.0"

readable-stream@^3.0.6:
  version "3.1.1"
  resolved "http://registry.npm.taobao.org/readable-stream/download/readable-stream-3.1.1.tgz#ed6bbc6c5ba58b090039ff18ce670515795aeb06"
  integrity sha1-7Wu8bFuliwkAOf8YzmcFFXla6wY=
  dependencies:
    inherits "^2.0.3"
    string_decoder "^1.1.1"
    util-deprecate "^1.0.1"

regexp-clone@0.0.1:
  version "0.0.1"
  resolved "http://registry.npm.taobao.org/regexp-clone/download/regexp-clone-0.0.1.tgz#a7c2e09891fdbf38fbb10d376fb73003e68ac589"
  integrity sha1-p8LgmJH9vzj7sQ03b7cwA+aKxYk=

require_optional@^1.0.1:
  version "1.0.1"
  resolved "http://registry.npm.taobao.org/require_optional/download/require_optional-1.0.1.tgz#4cf35a4247f64ca3df8c2ef208cc494b1ca8fc2e"
  integrity sha1-TPNaQkf2TKPfjC7yCMxJSxyo/C4=
  dependencies:
    resolve-from "^2.0.0"
    semver "^5.1.0"

resolve-from@^2.0.0:
  version "2.0.0"
  resolved "http://registry.npm.taobao.org/resolve-from/download/resolve-from-2.0.0.tgz#9480ab20e94ffa1d9e80a804c7ea147611966b57"
  integrity sha1-lICrIOlP+h2egKgEx+oUdhGWa1c=

safe-buffer@5.1.2, safe-buffer@^5.1.2, safe-buffer@~5.1.0:
  version "5.1.2"
  resolved "http://registry.npm.taobao.org/safe-buffer/download/safe-buffer-5.1.2.tgz#991ec69d296e0313747d59bdfd2b745c35f8828d"
  integrity sha1-mR7GnSluAxN0fVm9/St0XDX4go0=

"safer-buffer@>= 2.1.2 < 3":
  version "2.1.2"
  resolved "http://registry.npm.taobao.org/safer-buffer/download/safer-buffer-2.1.2.tgz#44fa161b0187b9549dd84bb91802f9bd8385cd6a"
  integrity sha1-RPoWGwGHuVSd2Eu5GAL5vYOFzWo=

saslprep@^1.0.0:
  version "1.0.2"
  resolved "http://registry.npm.taobao.org/saslprep/download/saslprep-1.0.2.tgz#da5ab936e6ea0bbae911ffec77534be370c9f52d"
  integrity sha1-2lq5NubqC7rpEf/sd1NL43DJ9S0=
  dependencies:
    sparse-bitfield "^3.0.3"

semver@^5.1.0:
  version "5.6.0"
  resolved "http://registry.npm.taobao.org/semver/download/semver-5.6.0.tgz#7e74256fbaa49c75aa7c7a205cc22799cac80004"
  integrity sha1-fnQlb7qknHWqfHogXMInmcrIAAQ=

setprototypeof@1.1.0:
  version "1.1.0"
  resolved "http://registry.npm.taobao.org/setprototypeof/download/setprototypeof-1.1.0.tgz#d0bd85536887b6fe7c0d818cb962d9d91c54e656"
  integrity sha1-0L2FU2iHtv58DYGMuWLZ2RxU5lY=

sliced@1.0.1:
  version "1.0.1"
  resolved "http://registry.npm.taobao.org/sliced/download/sliced-1.0.1.tgz#0b3a662b5d04c3177b1926bea82b03f837a2ef41"
  integrity sha1-CzpmK10Ewxd7GSa+qCsD+Dei70E=

sparse-bitfield@^3.0.3:
  version "3.0.3"
  resolved "http://registry.npm.taobao.org/sparse-bitfield/download/sparse-bitfield-3.0.3.tgz#ff4ae6e68656056ba4b3e792ab3334d38273ca11"
  integrity sha1-/0rm5oZWBWuks+eSqzM004JzyhE=
  dependencies:
    memory-pager "^1.0.2"

"statuses@>= 1.4.0 < 2", "statuses@>= 1.5.0 < 2", statuses@^1.5.0:
  version "1.5.0"
  resolved "http://registry.npm.taobao.org/statuses/download/statuses-1.5.0.tgz#161c7dac177659fd9811f43771fa99381478628c"
  integrity sha1-Fhx9rBd2Wf2YEfQ3cfqZOBR4Yow=

string_decoder@^1.1.1:
  version "1.2.0"
  resolved "http://registry.npm.taobao.org/string_decoder/download/string_decoder-1.2.0.tgz#fe86e738b19544afe70469243b2a1ee9240eae8d"
  integrity sha1-/obnOLGVRK/nBGkkOyoe6SQOro0=
  dependencies:
    safe-buffer "~5.1.0"

superagent@^4.0.0-beta.5:
  version "4.1.0"
  resolved "http://registry.npm.taobao.org/superagent/download/superagent-4.1.0.tgz#c465c2de41df2b8d05c165cbe403e280790cdfd5"
  integrity sha1-xGXC3kHfK40FwWXL5APigHkM39U=
  dependencies:
    component-emitter "^1.2.0"
    cookiejar "^2.1.2"
    debug "^4.1.0"
    form-data "^2.3.3"
    formidable "^1.2.0"
    methods "^1.1.1"
    mime "^2.4.0"
    qs "^6.6.0"
    readable-stream "^3.0.6"

toidentifier@1.0.0:
  version "1.0.0"
  resolved "http://registry.npm.taobao.org/toidentifier/download/toidentifier-1.0.0.tgz#7e1be3470f1e77948bc43d94a3c8f4d7752ba553"
  integrity sha1-fhvjRw8ed5SLxD2Uo8j013UrpVM=

type-is@^1.6.16:
  version "1.6.16"
  resolved "http://registry.npm.taobao.org/type-is/download/type-is-1.6.16.tgz#f89ce341541c672b25ee7ae3c73dee3b2be50194"
  integrity sha1-+JzjQVQcZysl7nrjxz3uOyvlAZQ=
  dependencies:
    media-typer "0.3.0"
    mime-types "~2.1.18"

unpipe@1.0.0:
  version "1.0.0"
  resolved "http://registry.npm.taobao.org/unpipe/download/unpipe-1.0.0.tgz#b2bf4ee8514aae6165b4817829d21b2ef49904ec"
  integrity sha1-sr9O6FFKrmFltIF4KdIbLvSZBOw=

urijs@^1.19.0:
  version "1.19.1"
  resolved "http://registry.npm.taobao.org/urijs/download/urijs-1.19.1.tgz#5b0ff530c0cbde8386f6342235ba5ca6e995d25a"
  integrity sha1-Ww/1MMDL3oOG9jQiNbpcpumV0lo=

util-deprecate@^1.0.1:
  version "1.0.2"
  resolved "http://registry.npm.taobao.org/util-deprecate/download/util-deprecate-1.0.2.tgz#450d4dc9fa70de732762fbd2d4a28981419a0ccf"
  integrity sha1-RQ1Nyfpw3nMnYvvS1KKJgUGaDM8=

vary@^1.1.2:
  version "1.1.2"
  resolved "http://registry.npm.taobao.org/vary/download/vary-1.1.2.tgz#2299f02c6ded30d4a5961b0b9f74524a18f634fc"
  integrity sha1-IpnwLG3tMNSllhsLn3RSShj2NPw=

ylru@^1.2.0:
  version "1.2.1"
  resolved "http://registry.npm.taobao.org/ylru/download/ylru-1.2.1.tgz#f576b63341547989c1de7ba288760923b27fe84f"
  integrity sha1-9Xa2M0FUeYnB3nuiiHYJI7J/6E8=
